
Microsoft Visual Studio Solution File, Format Version 12.00
# Visual Studio Version 17
VisualStudioVersion = 17.13.35919.96 d17.13
MinimumVisualStudioVersion = 10.0.40219.1
Project("{FAE04EC0-301F-11D3-BF4B-00C04F79EFBC}") = "Upgrade", "Upgrade.csproj", "{628FF4FB-8A3C-4C0D-BC8F-A64260BB7752}"
EndProject
Global
	GlobalSection(SolutionConfigurationPlatforms) = preSolution
		Debug|Any CPU = Debug|Any CPU
		Release|Any CPU = Release|Any CPU
	EndGlobalSection
	GlobalSection(ProjectConfigurationPlatforms) = postSolution
		{628FF4FB-8A3C-4C0D-BC8F-A64260BB7752}.Debug|Any CPU.ActiveCfg = Debug|Any CPU
		{628FF4FB-8A3C-4C0D-BC8F-A64260BB7752}.Debug|Any CPU.Build.0 = Debug|Any CPU
		{628FF4FB-8A3C-4C0D-BC8F-A64260BB7752}.Release|Any CPU.ActiveCfg = Release|Any CPU
		{628FF4FB-8A3C-4C0D-BC8F-A64260BB7752}.Release|Any CPU.Build.0 = Release|Any CPU
	EndGlobalSection
	GlobalSection(SolutionProperties) = preSolution
		HideSolutionNode = FALSE
	EndGlobalSection
	GlobalSection(ExtensibilityGlobals) = postSolution
		SolutionGuid = {87D9187E-129F-4DF0-A0A7-C1BA9D3344FD}
	EndGlobalSection
EndGlobal
